
Microsoft Visual Studio Solution File, Format Version 12.00
# Visual Studio 15
VisualStudioVersion = 15.0.26730.16
MinimumVisualStudioVersion = 10.0.40219.1
Project("{FAE04EC0-301F-11D3-BF4B-00C04F79EFBC}") = "EntityFrameworkMigrationEditor.Core", "EntityFrameworkMigrationEditor.Core\EntityFrameworkMigrationEditor.Core.csproj", "{6B0604CB-ECAE-437B-A7EA-34FA623758EE}"
EndProject
Project("{FAE04EC0-301F-11D3-BF4B-00C04F79EFBC}") = "EntityFrameworkMigrationEditor.WinForm", "EntityFrameworkMigrationEditor.WinForm\EntityFrameworkMigrationEditor.WinForm.csproj", "{683615CA-A826-40DD-B1EE-DC80745A8B1C}"
EndProject
Global
	GlobalSection(SolutionConfigurationPlatforms) = preSolution
		Debug|Any CPU = Debug|Any CPU
		Release|Any CPU = Release|Any CPU
	EndGlobalSection
	GlobalSection(ProjectConfigurationPlatforms) = postSolution
		{6B0604CB-ECAE-437B-A7EA-34FA623758EE}.Debug|Any CPU.ActiveCfg = Debug|Any CPU
		{6B0604CB-ECAE-437B-A7EA-34FA623758EE}.Debug|Any CPU.Build.0 = Debug|Any CPU
		{6B0604CB-ECAE-437B-A7EA-34FA623758EE}.Release|Any CPU.ActiveCfg = Release|Any CPU
		{6B0604CB-ECAE-437B-A7EA-34FA623758EE}.Release|Any CPU.Build.0 = Release|Any CPU
		{683615CA-A826-40DD-B1EE-DC80745A8B1C}.Debug|Any CPU.ActiveCfg = Debug|Any CPU
		{683615CA-A826-40DD-B1EE-DC80745A8B1C}.Debug|Any CPU.Build.0 = Debug|Any CPU
		{683615CA-A826-40DD-B1EE-DC80745A8B1C}.Release|Any CPU.ActiveCfg = Release|Any CPU
		{683615CA-A826-40DD-B1EE-DC80745A8B1C}.Release|Any CPU.Build.0 = Release|Any CPU
	EndGlobalSection
	GlobalSection(SolutionProperties) = preSolution
		HideSolutionNode = FALSE
	EndGlobalSection
	GlobalSection(ExtensibilityGlobals) = postSolution
		SolutionGuid = {C79019C4-B70C-41F1-9C09-3B86C5D7AE80}
	EndGlobalSection
EndGlobal
